
Microsoft Visual Studio Solution File, Format Version 12.00
# Visual Studio Version 17
VisualStudioVersion = 17.8.34511.84
MinimumVisualStudioVersion = 10.0.40219.1
Project("{FAE04EC0-301F-11D3-BF4B-00C04F79EFBC}") = "felveteli", "felveteli.csproj", "{0EE7F3B1-DD3B-400C-B56D-05022F474B4D}"
EndProject
Global
	GlobalSection(SolutionConfigurationPlatforms) = preSolution
		Debug|Any CPU = Debug|Any CPU
		Release|Any CPU = Release|Any CPU
	EndGlobalSection
	GlobalSection(ProjectConfigurationPlatforms) = postSolution
		{0EE7F3B1-DD3B-400C-B56D-05022F474B4D}.Debug|Any CPU.ActiveCfg = Debug|Any CPU
		{0EE7F3B1-DD3B-400C-B56D-05022F474B4D}.Debug|Any CPU.Build.0 = Debug|Any CPU
		{0EE7F3B1-DD3B-400C-B56D-05022F474B4D}.Release|Any CPU.ActiveCfg = Release|Any CPU
		{0EE7F3B1-DD3B-400C-B56D-05022F474B4D}.Release|Any CPU.Build.0 = Release|Any CPU
	EndGlobalSection
	GlobalSection(SolutionProperties) = preSolution
		HideSolutionNode = FALSE
	EndGlobalSection
	GlobalSection(ExtensibilityGlobals) = postSolution
		SolutionGuid = {C3C7DD65-9252-4FB6-AB12-7BFF352A7AA8}
	EndGlobalSection
EndGlobal
