
Microsoft Visual Studio Solution File, Format Version 12.00
# Visual Studio Version 17
VisualStudioVersion = 17.6.33815.320
MinimumVisualStudioVersion = 10.0.40219.1
Project("{FAE04EC0-301F-11D3-BF4B-00C04F79EFBC}") = "felveteli", "felveteli\felveteli.csproj", "{C5D6FB7D-7B52-4F36-9C69-CC2037A0BD59}"
EndProject
Global
	GlobalSection(SolutionConfigurationPlatforms) = preSolution
		Debug|Any CPU = Debug|Any CPU
		Release|Any CPU = Release|Any CPU
	EndGlobalSection
	GlobalSection(ProjectConfigurationPlatforms) = postSolution
		{C5D6FB7D-7B52-4F36-9C69-CC2037A0BD59}.Debug|Any CPU.ActiveCfg = Debug|Any CPU
		{C5D6FB7D-7B52-4F36-9C69-CC2037A0BD59}.Debug|Any CPU.Build.0 = Debug|Any CPU
		{C5D6FB7D-7B52-4F36-9C69-CC2037A0BD59}.Release|Any CPU.ActiveCfg = Release|Any CPU
		{C5D6FB7D-7B52-4F36-9C69-CC2037A0BD59}.Release|Any CPU.Build.0 = Release|Any CPU
	EndGlobalSection
	GlobalSection(SolutionProperties) = preSolution
		HideSolutionNode = FALSE
	EndGlobalSection
	GlobalSection(ExtensibilityGlobals) = postSolution
		SolutionGuid = {F387569E-3C3E-46E6-8993-8F4E8A10FF14}
	EndGlobalSection
EndGlobal
